
Microsoft Visual Studio Solution File, Format Version 12.00
# Visual Studio 15
VisualStudioVersion = 15.0.28307.572
MinimumVisualStudioVersion = 10.0.40219.1
Project("{FAE04EC0-301F-11D3-BF4B-00C04F79EFBC}") = "BusReservationSystem", "BusReservationSystem\BusReservationSystem.csproj", "{158B680B-A2C1-4B13-8168-200AAFA609C2}"
EndProject
Global
	GlobalSection(SolutionConfigurationPlatforms) = preSolution
		Debug|Any CPU = Debug|Any CPU
		Release|Any CPU = Release|Any CPU
	EndGlobalSection
	GlobalSection(ProjectConfigurationPlatforms) = postSolution
		{158B680B-A2C1-4B13-8168-200AAFA609C2}.Debug|Any CPU.ActiveCfg = Debug|Any CPU
		{158B680B-A2C1-4B13-8168-200AAFA609C2}.Debug|Any CPU.Build.0 = Debug|Any CPU
		{158B680B-A2C1-4B13-8168-200AAFA609C2}.Release|Any CPU.ActiveCfg = Release|Any CPU
		{158B680B-A2C1-4B13-8168-200AAFA609C2}.Release|Any CPU.Build.0 = Release|Any CPU
	EndGlobalSection
	GlobalSection(SolutionProperties) = preSolution
		HideSolutionNode = FALSE
	EndGlobalSection
	GlobalSection(ExtensibilityGlobals) = postSolution
		SolutionGuid = {91691F56-DB45-4332-BD8D-BA8BDC8C50C3}
	EndGlobalSection
EndGlobal
